{
  "name": "Yusuf-Portfolio02",
  "lockfileVersion": 3,
  "requires": true,
  "packages": {
    "": {
      "dependencies": {
        "develop": "^1.0.0",
        "run": "^1.5.0",
        "seed": "^0.4.4",
        "start": "^5.1.0"
      }
    },
    "node_modules/balanced-match": {
      "version": "1.0.2",
      "resolved": "https://registry.npmjs.org/balanced-match/-/balanced-match-1.0.2.tgz",
      "integrity": "sha512-3oSeUO0TMV67hN1AmbXsK4yaqU7tjiHlbxRDZOpH0KW9+CeX4bRAaX0Anxt0tx2MrpRpWwQaPwIlISEJhYU5Pw=="
    },
    "node_modules/brace-expansion": {
      "version": "2.0.1",
      "resolved": "https://registry.npmjs.org/brace-expansion/-/brace-expansion-2.0.1.tgz",
      "integrity": "sha512-XnAIvQ8eM+kC6aULx6wuQiwVsnzsi9d3WxzV3FpWTGA19F621kwdbsAcFKXgKUHZWsy+mY6iL1sHTxWEFCytDA==",
      "dependencies": {
        "balanced-match": "^1.0.0"
      }
    },
    "node_modules/breeze": {
      "version": "0.4.0",
      "resolved": "https://registry.npmjs.org/breeze/-/breeze-0.4.0.tgz",
      "integrity": "sha512-YPWeVQKW1Zh4gq567pj9LPVsEfUHyXdqu1AJSIGomBMNTauFYFP4BgJ1NL8v0FqHY5JwLzyCj7nzIfuDQAsvZA==",
      "deprecated": "npm ownership change",
      "engines": {
        "node": "*"
      }
    },
    "node_modules/develop": {
      "version": "1.0.0",
      "resolved": "https://registry.npmjs.org/develop/-/develop-1.0.0.tgz",
      "integrity": "sha512-leTJgHtGsEJLxkm7vfAkqJizTbMDxi8qCE+xjoiLsYglhvS4HIok0DlaGBn3oGn9DLKLuBQn7C7V3uV82yDRCw=="
    },
    "node_modules/dragonfly": {
      "version": "0.2.1",
      "resolved": "https://registry.npmjs.org/dragonfly/-/dragonfly-0.2.1.tgz",
      "integrity": "sha512-IIG+7an8YdneVG05p7qjI1lTBiAV4AHGub8OjKpXxtMfcZzc+slp5sS+uHEOWq2g5AHkJh8ppdHCz2q2J8fTcg==",
      "engines": {
        "node": "*"
      }
    },
    "node_modules/drip": {
      "version": "0.3.1",
      "resolved": "https://registry.npmjs.org/drip/-/drip-0.3.1.tgz",
      "integrity": "sha512-sZ+xw0tagXFeoEz8U6xXDK7YBjst7jhtUo7gEkZYalMO7MHTbYJ74ONLFzmJKPHORSMxNlhmwNkHZaT+LtpoGQ==",
      "engines": {
        "node": ">= 0.4.8"
      }
    },
    "node_modules/filtr": {
      "version": "0.3.0",
      "resolved": "https://registry.npmjs.org/filtr/-/filtr-0.3.0.tgz",
      "integrity": "sha512-hY88bqjODQGMw1erWGwUzV6yZncnSzV+5uIeEaeWHGgN/BEQBfLG1CwQb4nDWHcyDcsAaTl1B1n18MC9NCAejg==",
      "engines": {
        "node": ">=0.4.8"
      }
    },
    "node_modules/minimatch": {
      "version": "9.0.4",
      "resolved": "https://registry.npmjs.org/minimatch/-/minimatch-9.0.4.tgz",
      "integrity": "sha512-KqWh+VchfxcMNRAJjj2tnsSJdNbHsVgnkBhTNrW7AjVo6OvLtxw8zfT9oLw1JSohlFzJ8jCoTgaoXvJ+kHt6fw==",
      "dependencies": {
        "brace-expansion": "^2.0.1"
      },
      "engines": {
        "node": ">=16 || 14 >=14.17"
      },
      "funding": {
        "url": "https://github.com/sponsors/isaacs"
      }
    },
    "node_modules/oath": {
      "version": "0.2.3",
      "resolved": "https://registry.npmjs.org/oath/-/oath-0.2.3.tgz",
      "integrity": "sha512-/uTqn2KKy671SunNXhULGbumn2U3ZN84LvYZdnfSqqqBkM6cppm+jcUodWELd9CYVNYGh6QwJEEAQ0WM95qjpA==",
      "engines": {
        "node": ">= 0.4.8"
      }
    },
    "node_modules/run": {
      "version": "1.5.0",
      "resolved": "https://registry.npmjs.org/run/-/run-1.5.0.tgz",
      "integrity": "sha512-CBPzeX6JQZUdhZpSFyNt2vUk44ivKMWZYCNBYoZYEE46mL9nf6WyMP3320WnzIrJuo89+njiUvlo83jUEXjXLg==",
      "dependencies": {
        "minimatch": "*"
      },
      "bin": {
        "runjs": "cli.js"
      },
      "engines": {
        "node": ">=v0.9.0"
      }
    },
    "node_modules/seed": {
      "version": "0.4.4",
      "resolved": "https://registry.npmjs.org/seed/-/seed-0.4.4.tgz",
      "integrity": "sha512-f7CTMFxC9h0LljjBaHPke9epEiupNpxxHYVaZhnMZnO8AfqNMxnYlaMDJPYmjGHI0fUXO48BmExsukNrXCNiSA==",
      "dependencies": {
        "breeze": "0.4.x",
        "dragonfly": "0.2.x",
        "drip": "0.3.x",
        "filtr": "0.3.x",
        "oath": "0.2.x",
        "sol": "0.3.x",
        "super": "0.2.x"
      },
      "engines": {
        "node": ">= v0.6.0"
      }
    },
    "node_modules/sol": {
      "version": "0.3.0",
      "resolved": "https://registry.npmjs.org/sol/-/sol-0.3.0.tgz",
      "integrity": "sha512-/peFiFOAGoa0qgajE4KiEJ4KmjtMQBsDiOwy/6KkwYXl2x28jVDGnv6ntnqcSoMtAm+QNh8qv8XwHGuSzbLD9A==",
      "engines": {
        "node": "*"
      }
    },
    "node_modules/start": {
      "version": "5.1.0",
      "resolved": "https://registry.npmjs.org/start/-/start-5.1.0.tgz",
      "integrity": "sha512-lirwWQmvBC65bnxU3HzKx5m7vfZJZTx/FrKyPWbtobcvujGbinQQRrNodtcgkp4mTZ00umzDeg7lraN351l0aA==",
      "deprecated": "Deprecated in favor of https://github.com/deepsweet/start",
      "engines": {
        "node": ">=4"
      }
    },
    "node_modules/super": {
      "version": "0.2.3",
      "resolved": "https://registry.npmjs.org/super/-/super-0.2.3.tgz",
      "integrity": "sha512-fjYEpGyjeC7yeAqz9vb5pwuqgSvJ8adkMowLgfltfUnP9P8g17+l0GridSWkCuTaclxE5y4EcyZj8L2NI7t1Hg==",
      "engines": {
        "node": ">= 0.6.0"
      }
    }
  }
}
